// !$*UTF8*$!
{
	archiveVersion = 1;
	classes = {
	};
	objectVersion = 56;
	objects = {

/* Begin PBXBuildFile section */
		2A04C0D12C5D4E780024AD44 /* StoreKit.framework in Frameworks */ = {isa = PBXBuildFile; fileRef = 2A04C0D02C5D4E780024AD44 /* StoreKit.framework */; };
		2A7539572C5ACEA900EBE06F /* HomeView.swift in Sources */ = {isa = PBXBuildFile; fileRef = 2A7539562C5ACEA900EBE06F /* HomeView.swift */; };
		2A7539592C5AD59400EBE06F /* NewView.swift in Sources */ = {isa = PBXBuildFile; fileRef = 2A7539582C5AD59400EBE06F /* NewView.swift */; };
		2AF4F1A22C5A96390043273E /* StoreKit2App.swift in Sources */ = {isa = PBXBuildFile; fileRef = 2AF4F1A12C5A96390043273E /* StoreKit2App.swift */; };
		2AF4F1A42C5A96390043273E /* StoreView.swift in Sources */ = {isa = PBXBuildFile; fileRef = 2AF4F1A32C5A96390043273E /* StoreView.swift */; };
		2AF4F1A62C5A963A0043273E /* Assets.xcassets in Resources */ = {isa = PBXBuildFile; fileRef = 2AF4F1A52C5A963A0043273E /* Assets.xcassets */; };
		2AF4F1A92C5A963A0043273E /* Preview Assets.xcassets in Resources */ = {isa = PBXBuildFile; fileRef = 2AF4F1A82C5A963A0043273E /* Preview Assets.xcassets */; };
		2AF4F1B02C5A974F0043273E /* SampleStore.storekit in Resources */ = {isa = PBXBuildFile; fileRef = 2AF4F1AF2C5A974F0043273E /* SampleStore.storekit */; };
		2AF4F1B22C5A9A050043273E /* StoreContent.swift in Sources */ = {isa = PBXBuildFile; fileRef = 2AF4F1B12C5A9A050043273E /* StoreContent.swift */; };
		2AF4F1B42C5AA1AB0043273E /* LifetimeStoreView.swift in Sources */ = {isa = PBXBuildFile; fileRef = 2AF4F1B32C5AA1AB0043273E /* LifetimeStoreView.swift */; };
		2AF4F1B62C5AA49F0043273E /* Store.swift in Sources */ = {isa = PBXBuildFile; fileRef = 2AF4F1B52C5AA49F0043273E /* Store.swift */; };
/* End PBXBuildFile section */

/* Begin PBXFileReference section */
		2A04C0D02C5D4E780024AD44 /* StoreKit.framework */ = {isa = PBXFileReference; lastKnownFileType = wrapper.framework; name = StoreKit.framework; path = System/Library/Frameworks/StoreKit.framework; sourceTree = SDKROOT; };
		2A561BE62C5D28CC005BAE31 /* Info.plist */ = {isa = PBXFileReference; lastKnownFileType = text.plist; path = Info.plist; sourceTree = "<group>"; };
		2A7539562C5ACEA900EBE06F /* HomeView.swift */ = {isa = PBXFileReference; lastKnownFileType = sourcecode.swift; path = HomeView.swift; sourceTree = "<group>"; };
		2A7539582C5AD59400EBE06F /* NewView.swift */ = {isa = PBXFileReference; lastKnownFileType = sourcecode.swift; path = NewView.swift; sourceTree = "<group>"; };
		2AF4F19E2C5A96390043273E /* StoreKit2.app */ = {isa = PBXFileReference; explicitFileType = wrapper.application; includeInIndex = 0; path = StoreKit2.app; sourceTree = BUILT_PRODUCTS_DIR; };
		2AF4F1A12C5A96390043273E /* StoreKit2App.swift */ = {isa = PBXFileReference; lastKnownFileType = sourcecode.swift; path = StoreKit2App.swift; sourceTree = "<group>"; };
		2AF4F1A32C5A96390043273E /* StoreView.swift */ = {isa = PBXFileReference; lastKnownFileType = sourcecode.swift; path = StoreView.swift; sourceTree = "<group>"; };
		2AF4F1A52C5A963A0043273E /* Assets.xcassets */ = {isa = PBXFileReference; lastKnownFileType = folder.assetcatalog; path = Assets.xcassets; sourceTree = "<group>"; };
		2AF4F1A82C5A963A0043273E /* Preview Assets.xcassets */ = {isa = PBXFileReference; lastKnownFileType = folder.assetcatalog; path = "Preview Assets.xcassets"; sourceTree = "<group>"; };
		2AF4F1AF2C5A974F0043273E /* SampleStore.storekit */ = {isa = PBXFileReference; lastKnownFileType = text; path = SampleStore.storekit; sourceTree = "<group>"; };
		2AF4F1B12C5A9A050043273E /* StoreContent.swift */ = {isa = PBXFileReference; lastKnownFileType = sourcecode.swift; path = StoreContent.swift; sourceTree = "<group>"; };
		2AF4F1B32C5AA1AB0043273E /* LifetimeStoreView.swift */ = {isa = PBXFileReference; fileEncoding = 4; lastKnownFileType = sourcecode.swift; path = LifetimeStoreView.swift; sourceTree = "<group>"; };
		2AF4F1B52C5AA49F0043273E /* Store.swift */ = {isa = PBXFileReference; lastKnownFileType = sourcecode.swift; path = Store.swift; sourceTree = "<group>"; };
/* End PBXFileReference section */

/* Begin PBXFrameworksBuildPhase section */
		2AF4F19B2C5A96390043273E /* Frameworks */ = {
			isa = PBXFrameworksBuildPhase;
			buildActionMask = 2147483647;
			files = (
				2A04C0D12C5D4E780024AD44 /* StoreKit.framework in Frameworks */,
			);
			runOnlyForDeploymentPostprocessing = 0;
		};
/* End PBXFrameworksBuildPhase section */

/* Begin PBXGroup section */
		2A04C0CF2C5D4E780024AD44 /* Frameworks */ = {
			isa = PBXGroup;
			children = (
				2A04C0D02C5D4E780024AD44 /* StoreKit.framework */,
			);
			name = Frameworks;
			sourceTree = "<group>";
		};
		2AF4F1952C5A96390043273E = {
			isa = PBXGroup;
			children = (
				2AF4F1A02C5A96390043273E /* StoreKit2 */,
				2AF4F19F2C5A96390043273E /* Products */,
				2A04C0CF2C5D4E780024AD44 /* Frameworks */,
			);
			sourceTree = "<group>";
		};
		2AF4F19F2C5A96390043273E /* Products */ = {
			isa = PBXGroup;
			children = (
				2AF4F19E2C5A96390043273E /* StoreKit2.app */,
			);
			name = Products;
			sourceTree = "<group>";
		};
		2AF4F1A02C5A96390043273E /* StoreKit2 */ = {
			isa = PBXGroup;
			children = (
				2A561BE62C5D28CC005BAE31 /* Info.plist */,
				2AF4F1A12C5A96390043273E /* StoreKit2App.swift */,
				2AF4F1A32C5A96390043273E /* StoreView.swift */,
				2AF4F1B32C5AA1AB0043273E /* LifetimeStoreView.swift */,
				2AF4F1A52C5A963A0043273E /* Assets.xcassets */,
				2AF4F1A72C5A963A0043273E /* Preview Content */,
				2AF4F1AF2C5A974F0043273E /* SampleStore.storekit */,
				2AF4F1B12C5A9A050043273E /* StoreContent.swift */,
				2AF4F1B52C5AA49F0043273E /* Store.swift */,
				2A7539562C5ACEA900EBE06F /* HomeView.swift */,
				2A7539582C5AD59400EBE06F /* NewView.swift */,
			);
			path = StoreKit2;
			sourceTree = "<group>";
		};
		2AF4F1A72C5A963A0043273E /* Preview Content */ = {
			isa = PBXGroup;
			children = (
				2AF4F1A82C5A963A0043273E /* Preview Assets.xcassets */,
			);
			path = "Preview Content";
			sourceTree = "<group>";
		};
/* End PBXGroup section */

/* Begin PBXNativeTarget section */
		2AF4F19D2C5A96390043273E /* StoreKit2 */ = {
			isa = PBXNativeTarget;
			buildConfigurationList = 2AF4F1AC2C5A963A0043273E /* Build configuration list for PBXNativeTarget "StoreKit2" */;
			buildPhases = (
				2AF4F19A2C5A96390043273E /* Sources */,
				2AF4F19B2C5A96390043273E /* Frameworks */,
				2AF4F19C2C5A96390043273E /* Resources */,
			);
			buildRules = (
			);
			dependencies = (
			);
			name = StoreKit2;
			productName = StoreKit2;
			productReference = 2AF4F19E2C5A96390043273E /* StoreKit2.app */;
			productType = "com.apple.product-type.application";
		};
/* End PBXNativeTarget section */

/* Begin PBXProject section */
		2AF4F1962C5A96390043273E /* Project object */ = {
			isa = PBXProject;
			attributes = {
				BuildIndependentTargetsInParallel = 1;
				LastSwiftUpdateCheck = 1530;
				LastUpgradeCheck = 1530;
				TargetAttributes = {
					2AF4F19D2C5A96390043273E = {
						CreatedOnToolsVersion = 15.3;
					};
				};
			};
			buildConfigurationList = 2AF4F1992C5A96390043273E /* Build configuration list for PBXProject "StoreKit2" */;
			compatibilityVersion = "Xcode 14.0";
			developmentRegion = en;
			hasScannedForEncodings = 0;
			knownRegions = (
				en,
				Base,
			);
			mainGroup = 2AF4F1952C5A96390043273E;
			productRefGroup = 2AF4F19F2C5A96390043273E /* Products */;
			projectDirPath = "";
			projectRoot = "";
			targets = (
				2AF4F19D2C5A96390043273E /* StoreKit2 */,
			);
		};
/* End PBXProject section */

/* Begin PBXResourcesBuildPhase section */
		2AF4F19C2C5A96390043273E /* Resources */ = {
			isa = PBXResourcesBuildPhase;
			buildActionMask = 2147483647;
			files = (
				2AF4F1A92C5A963A0043273E /* Preview Assets.xcassets in Resources */,
				2AF4F1B02C5A974F0043273E /* SampleStore.storekit in Resources */,
				2AF4F1A62C5A963A0043273E /* Assets.xcassets in Resources */,
			);
			runOnlyForDeploymentPostprocessing = 0;
		};
/* End PBXResourcesBuildPhase section */

/* Begin PBXSourcesBuildPhase section */
		2AF4F19A2C5A96390043273E /* Sources */ = {
			isa = PBXSourcesBuildPhase;
			buildActionMask = 2147483647;
			files = (
				2AF4F1B62C5AA49F0043273E /* Store.swift in Sources */,
				2AF4F1A42C5A96390043273E /* StoreView.swift in Sources */,
				2A7539592C5AD59400EBE06F /* NewView.swift in Sources */,
				2AF4F1B42C5AA1AB0043273E /* LifetimeStoreView.swift in Sources */,
				2A7539572C5ACEA900EBE06F /* HomeView.swift in Sources */,
				2AF4F1B22C5A9A050043273E /* StoreContent.swift in Sources */,
				2AF4F1A22C5A96390043273E /* StoreKit2App.swift in Sources */,
			);
			runOnlyForDeploymentPostprocessing = 0;
		};
/* End PBXSourcesBuildPhase section */

/* Begin XCBuildConfiguration section */
		2AF4F1AA2C5A963A0043273E /* Debug */ = {
			isa = XCBuildConfiguration;
			buildSettings = {
				ALWAYS_SEARCH_USER_PATHS = NO;
				ASSETCATALOG_COMPILER_GENERATE_SWIFT_ASSET_SYMBOL_EXTENSIONS = YES;
				CLANG_ANALYZER_NONNULL = YES;
				CLANG_ANALYZER_NUMBER_OBJECT_CONVERSION = YES_AGGRESSIVE;
				CLANG_CXX_LANGUAGE_STANDARD = "gnu++20";
				CLANG_ENABLE_MODULES = YES;
				CLANG_ENABLE_OBJC_ARC = YES;
				CLANG_ENABLE_OBJC_WEAK = YES;
				CLANG_WARN_BLOCK_CAPTURE_AUTORELEASING = YES;
				CLANG_WARN_BOOL_CONVERSION = YES;
				CLANG_WARN_COMMA = YES;
				CLANG_WARN_CONSTANT_CONVERSION = YES;
				CLANG_WARN_DEPRECATED_OBJC_IMPLEMENTATIONS = YES;
				CLANG_WARN_DIRECT_OBJC_ISA_USAGE = YES_ERROR;
				CLANG_WARN_DOCUMENTATION_COMMENTS = YES;
				CLANG_WARN_EMPTY_BODY = YES;
				CLANG_WARN_ENUM_CONVERSION = YES;
				CLANG_WARN_INFINITE_RECURSION = YES;
				CLANG_WARN_INT_CONVERSION = YES;
				CLANG_WARN_NON_LITERAL_NULL_CONVERSION = YES;
				CLANG_WARN_OBJC_IMPLICIT_RETAIN_SELF = YES;
				CLANG_WARN_OBJC_LITERAL_CONVERSION = YES;
				CLANG_WARN_OBJC_ROOT_CLASS = YES_ERROR;
				CLANG_WARN_QUOTED_INCLUDE_IN_FRAMEWORK_HEADER = YES;
				CLANG_WARN_RANGE_LOOP_ANALYSIS = YES;
				CLANG_WARN_STRICT_PROTOTYPES = YES;
				CLANG_WARN_SUSPICIOUS_MOVE = YES;
				CLANG_WARN_UNGUARDED_AVAILABILITY = YES_AGGRESSIVE;
				CLANG_WARN_UNREACHABLE_CODE = YES;
				CLANG_WARN__DUPLICATE_METHOD_MATCH = YES;
				COPY_PHASE_STRIP = NO;
				DEBUG_INFORMATION_FORMAT = dwarf;
				ENABLE_STRICT_OBJC_MSGSEND = YES;
				ENABLE_TESTABILITY = YES;
				ENABLE_USER_SCRIPT_SANDBOXING = YES;
				GCC_C_LANGUAGE_STANDARD = gnu17;
				GCC_DYNAMIC_NO_PIC = NO;
				GCC_NO_COMMON_BLOCKS = YES;
				GCC_OPTIMIZATION_LEVEL = 0;
				GCC_PREPROCESSOR_DEFINITIONS = (
					"DEBUG=1",
					"$(inherited)",
				);
				GCC_WARN_64_TO_32_BIT_CONVERSION = YES;
				GCC_WARN_ABOUT_RETURN_TYPE = YES_ERROR;
				GCC_WARN_UNDECLARED_SELECTOR = YES;
				GCC_WARN_UNINITIALIZED_AUTOS = YES_AGGRESSIVE;
				GCC_WARN_UNUSED_FUNCTION = YES;
				GCC_WARN_UNUSED_VARIABLE = YES;
				IPHONEOS_DEPLOYMENT_TARGET = 17.4;
				LOCALIZATION_PREFERS_STRING_CATALOGS = YES;
				MTL_ENABLE_DEBUG_INFO = INCLUDE_SOURCE;
				MTL_FAST_MATH = YES;
				ONLY_ACTIVE_ARCH = YES;
				SDKROOT = iphoneos;
				SWIFT_ACTIVE_COMPILATION_CONDITIONS = "DEBUG $(inherited)";
				SWIFT_OPTIMIZATION_LEVEL = "-Onone";
			};
			name = Debug;
		};
		2AF4F1AB2C5A963A0043273E /* Release */ = {
			isa = XCBuildConfiguration;
			buildSettings = {
				ALWAYS_SEARCH_USER_PATHS = NO;
				ASSETCATALOG_COMPILER_GENERATE_SWIFT_ASSET_SYMBOL_EXTENSIONS = YES;
				CLANG_ANALYZER_NONNULL = YES;
				CLANG_ANALYZER_NUMBER_OBJECT_CONVERSION = YES_AGGRESSIVE;
				CLANG_CXX_LANGUAGE_STANDARD = "gnu++20";
				CLANG_ENABLE_MODULES = YES;
				CLANG_ENABLE_OBJC_ARC = YES;
				CLANG_ENABLE_OBJC_WEAK = YES;
				CLANG_WARN_BLOCK_CAPTURE_AUTORELEASING = YES;
				CLANG_WARN_BOOL_CONVERSION = YES;
				CLANG_WARN_COMMA = YES;
				CLANG_WARN_CONSTANT_CONVERSION = YES;
				CLANG_WARN_DEPRECATED_OBJC_IMPLEMENTATIONS = YES;
				CLANG_WARN_DIRECT_OBJC_ISA_USAGE = YES_ERROR;
				CLANG_WARN_DOCUMENTATION_COMMENTS = YES;
				CLANG_WARN_EMPTY_BODY = YES;
				CLANG_WARN_ENUM_CONVERSION = YES;
				CLANG_WARN_INFINITE_RECURSION = YES;
				CLANG_WARN_INT_CONVERSION = YES;
				CLANG_WARN_NON_LITERAL_NULL_CONVERSION = YES;
				CLANG_WARN_OBJC_IMPLICIT_RETAIN_SELF = YES;
				CLANG_WARN_OBJC_LITERAL_CONVERSION = YES;
				CLANG_WARN_OBJC_ROOT_CLASS = YES_ERROR;
				CLANG_WARN_QUOTED_INCLUDE_IN_FRAMEWORK_HEADER = YES;
				CLANG_WARN_RANGE_LOOP_ANALYSIS = YES;
				CLANG_WARN_STRICT_PROTOTYPES = YES;
				CLANG_WARN_SUSPICIOUS_MOVE = YES;
				CLANG_WARN_UNGUARDED_AVAILABILITY = YES_AGGRESSIVE;
				CLANG_WARN_UNREACHABLE_CODE = YES;
				CLANG_WARN__DUPLICATE_METHOD_MATCH = YES;
				COPY_PHASE_STRIP = NO;
				DEBUG_INFORMATION_FORMAT = "dwarf-with-dsym";
				ENABLE_NS_ASSERTIONS = NO;
				ENABLE_STRICT_OBJC_MSGSEND = YES;
				ENABLE_USER_SCRIPT_SANDBOXING = YES;
				GCC_C_LANGUAGE_STANDARD = gnu17;
				GCC_NO_COMMON_BLOCKS = YES;
				GCC_WARN_64_TO_32_BIT_CONVERSION = YES;
				GCC_WARN_ABOUT_RETURN_TYPE = YES_ERROR;
				GCC_WARN_UNDECLARED_SELECTOR = YES;
				GCC_WARN_UNINITIALIZED_AUTOS = YES_AGGRESSIVE;
				GCC_WARN_UNUSED_FUNCTION = YES;
				GCC_WARN_UNUSED_VARIABLE = YES;
				IPHONEOS_DEPLOYMENT_TARGET = 17.4;
				LOCALIZATION_PREFERS_STRING_CATALOGS = YES;
				MTL_ENABLE_DEBUG_INFO = NO;
				MTL_FAST_MATH = YES;
				SDKROOT = iphoneos;
				SWIFT_COMPILATION_MODE = wholemodule;
				VALIDATE_PRODUCT = YES;
			};
			name = Release;
		};
		2AF4F1AD2C5A963A0043273E /* Debug */ = {
			isa = XCBuildConfiguration;
			buildSettings = {
				ASSETCATALOG_COMPILER_APPICON_NAME = AppIcon;
				ASSETCATALOG_COMPILER_GLOBAL_ACCENT_COLOR_NAME = AccentColor;
				CODE_SIGN_IDENTITY = "Apple Development";
				CODE_SIGN_STYLE = Automatic;
				CURRENT_PROJECT_VERSION = 6;
				DEVELOPMENT_ASSET_PATHS = "\"StoreKit2/Preview Content\"";
				DEVELOPMENT_TEAM = 476QK54UU2;
				ENABLE_PREVIEWS = YES;
				GENERATE_INFOPLIST_FILE = YES;
				INFOPLIST_FILE = StoreKit2/Info.plist;
				INFOPLIST_KEY_UIApplicationSceneManifest_Generation = YES;
				INFOPLIST_KEY_UIApplicationSupportsIndirectInputEvents = YES;
				INFOPLIST_KEY_UILaunchScreen_Generation = YES;
				INFOPLIST_KEY_UISupportedInterfaceOrientations_iPad = "UIInterfaceOrientationPortrait UIInterfaceOrientationPortraitUpsideDown UIInterfaceOrientationLandscapeLeft UIInterfaceOrientationLandscapeRight";
				INFOPLIST_KEY_UISupportedInterfaceOrientations_iPhone = "UIInterfaceOrientationPortrait UIInterfaceOrientationLandscapeLeft UIInterfaceOrientationLandscapeRight";
				LD_RUNPATH_SEARCH_PATHS = (
					"$(inherited)",
					"@executable_path/Frameworks",
				);
				MARKETING_VERSION = 1.0;
				PRODUCT_BUNDLE_IDENTIFIER = "com.it-guy.StoreKit2";
				PRODUCT_NAME = "$(TARGET_NAME)";
				PROVISIONING_PROFILE_SPECIFIER = "";
				SWIFT_EMIT_LOC_STRINGS = YES;
				SWIFT_VERSION = 5.0;
				TARGETED_DEVICE_FAMILY = "1,2";
			};
			name = Debug;
		};
		2AF4F1AE2C5A963A0043273E /* Release */ = {
			isa = XCBuildConfiguration;
			buildSettings = {
				ASSETCATALOG_COMPILER_APPICON_NAME = AppIcon;
				ASSETCATALOG_COMPILER_GLOBAL_ACCENT_COLOR_NAME = AccentColor;
				CODE_SIGN_IDENTITY = "Apple Development";
				CODE_SIGN_STYLE = Automatic;
				CURRENT_PROJECT_VERSION = 6;
				DEVELOPMENT_ASSET_PATHS = "\"StoreKit2/Preview Content\"";
				DEVELOPMENT_TEAM = 476QK54UU2;
				ENABLE_PREVIEWS = YES;
				GENERATE_INFOPLIST_FILE = YES;
				INFOPLIST_FILE = StoreKit2/Info.plist;
				INFOPLIST_KEY_UIApplicationSceneManifest_Generation = YES;
				INFOPLIST_KEY_UIApplicationSupportsIndirectInputEvents = YES;
				INFOPLIST_KEY_UILaunchScreen_Generation = YES;
				INFOPLIST_KEY_UISupportedInterfaceOrientations_iPad = "UIInterfaceOrientationPortrait UIInterfaceOrientationPortraitUpsideDown UIInterfaceOrientationLandscapeLeft UIInterfaceOrientationLandscapeRight";
				INFOPLIST_KEY_UISupportedInterfaceOrientations_iPhone = "UIInterfaceOrientationPortrait UIInterfaceOrientationLandscapeLeft UIInterfaceOrientationLandscapeRight";
				LD_RUNPATH_SEARCH_PATHS = (
					"$(inherited)",
					"@executable_path/Frameworks",
				);
				MARKETING_VERSION = 1.0;
				PRODUCT_BUNDLE_IDENTIFIER = "com.it-guy.StoreKit2";
				PRODUCT_NAME = "$(TARGET_NAME)";
				PROVISIONING_PROFILE_SPECIFIER = "";
				SWIFT_EMIT_LOC_STRINGS = YES;
				SWIFT_VERSION = 5.0;
				TARGETED_DEVICE_FAMILY = "1,2";
			};
			name = Release;
		};
/* End XCBuildConfiguration section */

/* Begin XCConfigurationList section */
		2AF4F1992C5A96390043273E /* Build configuration list for PBXProject "StoreKit2" */ = {
			isa = XCConfigurationList;
			buildConfigurations = (
				2AF4F1AA2C5A963A0043273E /* Debug */,
				2AF4F1AB2C5A963A0043273E /* Release */,
			);
			defaultConfigurationIsVisible = 0;
			defaultConfigurationName = Release;
		};
		2AF4F1AC2C5A963A0043273E /* Build configuration list for PBXNativeTarget "StoreKit2" */ = {
			isa = XCConfigurationList;
			buildConfigurations = (
				2AF4F1AD2C5A963A0043273E /* Debug */,
				2AF4F1AE2C5A963A0043273E /* Release */,
			);
			defaultConfigurationIsVisible = 0;
			defaultConfigurationName = Release;
		};
/* End XCConfigurationList section */
	};
	rootObject = 2AF4F1962C5A96390043273E /* Project object */;
}
